
Microsoft Visual Studio Solution File, Format Version 12.00
# Visual Studio Version 16
VisualStudioVersion = 16.0.31613.86
MinimumVisualStudioVersion = 10.0.40219.1
Project("{FAE04EC0-301F-11D3-BF4B-00C04F79EFBC}") = "QuizDeluxe", "QuizDeluxe\QuizDeluxe.csproj", "{0A04B651-B3BC-427D-9F08-26461D63725A}"
EndProject
Project("{FAE04EC0-301F-11D3-BF4B-00C04F79EFBC}") = "Server", "Server\Server.csproj", "{1D953FE7-3F36-4AD4-8691-A417C6794349}"
EndProject
Global
	GlobalSection(SolutionConfigurationPlatforms) = preSolution
		Debug|Any CPU = Debug|Any CPU
		Release|Any CPU = Release|Any CPU
	EndGlobalSection
	GlobalSection(ProjectConfigurationPlatforms) = postSolution
		{0A04B651-B3BC-427D-9F08-26461D63725A}.Debug|Any CPU.ActiveCfg = Debug|Any CPU
		{0A04B651-B3BC-427D-9F08-26461D63725A}.Debug|Any CPU.Build.0 = Debug|Any CPU
		{0A04B651-B3BC-427D-9F08-26461D63725A}.Release|Any CPU.ActiveCfg = Release|Any CPU
		{0A04B651-B3BC-427D-9F08-26461D63725A}.Release|Any CPU.Build.0 = Release|Any CPU
		{1D953FE7-3F36-4AD4-8691-A417C6794349}.Debug|Any CPU.ActiveCfg = Debug|Any CPU
		{1D953FE7-3F36-4AD4-8691-A417C6794349}.Debug|Any CPU.Build.0 = Debug|Any CPU
		{1D953FE7-3F36-4AD4-8691-A417C6794349}.Release|Any CPU.ActiveCfg = Release|Any CPU
		{1D953FE7-3F36-4AD4-8691-A417C6794349}.Release|Any CPU.Build.0 = Release|Any CPU
	EndGlobalSection
	GlobalSection(SolutionProperties) = preSolution
		HideSolutionNode = FALSE
	EndGlobalSection
	GlobalSection(ExtensibilityGlobals) = postSolution
		SolutionGuid = {6DCA4EC5-57A1-4D03-AC67-89EEB48452DF}
	EndGlobalSection
EndGlobal
